
Microsoft Visual Studio Solution File, Format Version 12.00
# Visual Studio Version 17
VisualStudioVersion = 17.2.32526.322
MinimumVisualStudioVersion = 10.0.40219.1
Project("{9A19103F-16F7-4668-BE54-9A1E7A4F7556}") = "Cookbook.Api", "CookBook.WebApi\Cookbook.Api.csproj", "{9527229C-8213-45CB-AD2E-23D585DDD1F5}"
EndProject
Project("{9A19103F-16F7-4668-BE54-9A1E7A4F7556}") = "CookBook.Common", "CookBook.Common\CookBook.Common.csproj", "{FDD663F8-9828-4026-B3EE-3BFE0337EEC9}"
EndProject
Project("{FAE04EC0-301F-11D3-BF4B-00C04F79EFBC}") = "CookBook.Database", "CookBook.Database\CookBook.Database.csproj", "{5B93D1ED-95E1-4F03-9B18-029C6251672C}"
EndProject
Global
	GlobalSection(SolutionConfigurationPlatforms) = preSolution
		Debug|Any CPU = Debug|Any CPU
		Release|Any CPU = Release|Any CPU
	EndGlobalSection
	GlobalSection(ProjectConfigurationPlatforms) = postSolution
		{9527229C-8213-45CB-AD2E-23D585DDD1F5}.Debug|Any CPU.ActiveCfg = Debug|Any CPU
		{9527229C-8213-45CB-AD2E-23D585DDD1F5}.Debug|Any CPU.Build.0 = Debug|Any CPU
		{9527229C-8213-45CB-AD2E-23D585DDD1F5}.Release|Any CPU.ActiveCfg = Release|Any CPU
		{9527229C-8213-45CB-AD2E-23D585DDD1F5}.Release|Any CPU.Build.0 = Release|Any CPU
		{FDD663F8-9828-4026-B3EE-3BFE0337EEC9}.Debug|Any CPU.ActiveCfg = Debug|Any CPU
		{FDD663F8-9828-4026-B3EE-3BFE0337EEC9}.Debug|Any CPU.Build.0 = Debug|Any CPU
		{FDD663F8-9828-4026-B3EE-3BFE0337EEC9}.Release|Any CPU.ActiveCfg = Release|Any CPU
		{FDD663F8-9828-4026-B3EE-3BFE0337EEC9}.Release|Any CPU.Build.0 = Release|Any CPU
		{5B93D1ED-95E1-4F03-9B18-029C6251672C}.Debug|Any CPU.ActiveCfg = Debug|Any CPU
		{5B93D1ED-95E1-4F03-9B18-029C6251672C}.Debug|Any CPU.Build.0 = Debug|Any CPU
		{5B93D1ED-95E1-4F03-9B18-029C6251672C}.Release|Any CPU.ActiveCfg = Release|Any CPU
		{5B93D1ED-95E1-4F03-9B18-029C6251672C}.Release|Any CPU.Build.0 = Release|Any CPU
	EndGlobalSection
	GlobalSection(SolutionProperties) = preSolution
		HideSolutionNode = FALSE
	EndGlobalSection
	GlobalSection(ExtensibilityGlobals) = postSolution
		SolutionGuid = {08989180-E27D-4197-8F2D-A1F81F066103}
	EndGlobalSection
EndGlobal
