
Microsoft Visual Studio Solution File, Format Version 12.00
# Visual Studio Version 17
VisualStudioVersion = 17.9.34622.214
MinimumVisualStudioVersion = 10.0.40219.1
Project("{9A19103F-16F7-4668-BE54-9A1E7A4F7556}") = "PersonalCookBook.Api", "PersonalCookBook.Api.csproj", "{A734EB48-28E4-445E-8577-DD53A2576579}"
EndProject
Project("{9A19103F-16F7-4668-BE54-9A1E7A4F7556}") = "PersonalCookBook.Application", "..\PersonalCookBook.Application\PersonalCookBook.Application.csproj", "{B017DC26-4B19-4931-8435-BFF486BD8DAE}"
EndProject
Project("{9A19103F-16F7-4668-BE54-9A1E7A4F7556}") = "PersonalCookBook.Domain", "..\PersonalCookBook.Domain\PersonalCookBook.Domain.csproj", "{FD478989-3E60-4B52-8173-86B41A5C9AA6}"
EndProject
Project("{9A19103F-16F7-4668-BE54-9A1E7A4F7556}") = "PersonalCookBook.Resources", "..\PersonalCookBook.Resources\PersonalCookBook.Resources.csproj", "{D4171BE7-6963-4970-9CDB-A10C2E06C28E}"
EndProject
Project("{9A19103F-16F7-4668-BE54-9A1E7A4F7556}") = "PersonalCookBook.Database", "..\PersonalCookBook.Database\PersonalCookBook.Database.csproj", "{A518FDF2-E5E8-41B9-9650-9EBE829C2959}"
EndProject
Project("{FAE04EC0-301F-11D3-BF4B-00C04F79EFBC}") = "PersonalCookBook.Tests", "..\PersonalCookBook.Tests\PersonalCookBook.Tests.csproj", "{1FA11CD4-60DE-4431-82D4-616B818AB366}"
EndProject
Global
	GlobalSection(SolutionConfigurationPlatforms) = preSolution
		Debug|Any CPU = Debug|Any CPU
		Release|Any CPU = Release|Any CPU
	EndGlobalSection
	GlobalSection(ProjectConfigurationPlatforms) = postSolution
		{A734EB48-28E4-445E-8577-DD53A2576579}.Debug|Any CPU.ActiveCfg = Debug|Any CPU
		{A734EB48-28E4-445E-8577-DD53A2576579}.Debug|Any CPU.Build.0 = Debug|Any CPU
		{A734EB48-28E4-445E-8577-DD53A2576579}.Release|Any CPU.ActiveCfg = Release|Any CPU
		{A734EB48-28E4-445E-8577-DD53A2576579}.Release|Any CPU.Build.0 = Release|Any CPU
		{B017DC26-4B19-4931-8435-BFF486BD8DAE}.Debug|Any CPU.ActiveCfg = Debug|Any CPU
		{B017DC26-4B19-4931-8435-BFF486BD8DAE}.Debug|Any CPU.Build.0 = Debug|Any CPU
		{B017DC26-4B19-4931-8435-BFF486BD8DAE}.Release|Any CPU.ActiveCfg = Release|Any CPU
		{B017DC26-4B19-4931-8435-BFF486BD8DAE}.Release|Any CPU.Build.0 = Release|Any CPU
		{FD478989-3E60-4B52-8173-86B41A5C9AA6}.Debug|Any CPU.ActiveCfg = Debug|Any CPU
		{FD478989-3E60-4B52-8173-86B41A5C9AA6}.Debug|Any CPU.Build.0 = Debug|Any CPU
		{FD478989-3E60-4B52-8173-86B41A5C9AA6}.Release|Any CPU.ActiveCfg = Release|Any CPU
		{FD478989-3E60-4B52-8173-86B41A5C9AA6}.Release|Any CPU.Build.0 = Release|Any CPU
		{D4171BE7-6963-4970-9CDB-A10C2E06C28E}.Debug|Any CPU.ActiveCfg = Debug|Any CPU
		{D4171BE7-6963-4970-9CDB-A10C2E06C28E}.Debug|Any CPU.Build.0 = Debug|Any CPU
		{D4171BE7-6963-4970-9CDB-A10C2E06C28E}.Release|Any CPU.ActiveCfg = Release|Any CPU
		{D4171BE7-6963-4970-9CDB-A10C2E06C28E}.Release|Any CPU.Build.0 = Release|Any CPU
		{A518FDF2-E5E8-41B9-9650-9EBE829C2959}.Debug|Any CPU.ActiveCfg = Debug|Any CPU
		{A518FDF2-E5E8-41B9-9650-9EBE829C2959}.Debug|Any CPU.Build.0 = Debug|Any CPU
		{A518FDF2-E5E8-41B9-9650-9EBE829C2959}.Release|Any CPU.ActiveCfg = Release|Any CPU
		{A518FDF2-E5E8-41B9-9650-9EBE829C2959}.Release|Any CPU.Build.0 = Release|Any CPU
		{1FA11CD4-60DE-4431-82D4-616B818AB366}.Debug|Any CPU.ActiveCfg = Debug|Any CPU
		{1FA11CD4-60DE-4431-82D4-616B818AB366}.Debug|Any CPU.Build.0 = Debug|Any CPU
		{1FA11CD4-60DE-4431-82D4-616B818AB366}.Release|Any CPU.ActiveCfg = Release|Any CPU
		{1FA11CD4-60DE-4431-82D4-616B818AB366}.Release|Any CPU.Build.0 = Release|Any CPU
	EndGlobalSection
	GlobalSection(SolutionProperties) = preSolution
		HideSolutionNode = FALSE
	EndGlobalSection
	GlobalSection(ExtensibilityGlobals) = postSolution
		SolutionGuid = {7BD8E57D-8C13-487D-99E6-16193ED0CDD4}
	EndGlobalSection
EndGlobal
